
Microsoft Visual Studio Solution File, Format Version 12.00
Project("{FAE04EC0-301F-11D3-BF4B-00C04F79EFBC}") = "credit-card-validator", "credit-card-validator\credit-card-validator.csproj", "{0ABF905F-31D5-4D9D-B436-6CB14F13D37B}"
EndProject
Global
	GlobalSection(SolutionConfigurationPlatforms) = preSolution
		Debug|Any CPU = Debug|Any CPU
		Release|Any CPU = Release|Any CPU
	EndGlobalSection
	GlobalSection(ProjectConfigurationPlatforms) = postSolution
		{0ABF905F-31D5-4D9D-B436-6CB14F13D37B}.Debug|Any CPU.ActiveCfg = Debug|Any CPU
		{0ABF905F-31D5-4D9D-B436-6CB14F13D37B}.Debug|Any CPU.Build.0 = Debug|Any CPU
		{0ABF905F-31D5-4D9D-B436-6CB14F13D37B}.Release|Any CPU.ActiveCfg = Release|Any CPU
		{0ABF905F-31D5-4D9D-B436-6CB14F13D37B}.Release|Any CPU.Build.0 = Release|Any CPU
	EndGlobalSection
EndGlobal
